// !$*UTF8*$!
{
	archiveVersion = 1;
	classes = {
	};
	objectVersion = 46;
	objects = {

/* Begin PBXBuildFile section */
		635E6FBF1A361F8400C7ACD2 /* main.c in Sources */ = {isa = PBXBuildFile; fileRef = 635E6FBE1A361F8400C7ACD2 /* main.c */; };
/* End PBXBuildFile section */

/* Begin PBXCopyFilesBuildPhase section */
		635E6FB91A361F8400C7ACD2 /* CopyFiles */ = {
			isa = PBXCopyFilesBuildPhase;
			buildActionMask = 2147483647;
			dstPath = /usr/share/man/man1/;
			dstSubfolderSpec = 0;
			files = (
			);
			runOnlyForDeploymentPostprocessing = 1;
		};
/* End PBXCopyFilesBuildPhase section */

/* Begin PBXFileReference section */
		635E6FBB1A361F8400C7ACD2 /* 2.1_PassingStringToFunction */ = {isa = PBXFileReference; explicitFileType = "compiled.mach-o.executable"; includeInIndex = 0; path = 2.1_PassingStringToFunction; sourceTree = BUILT_PRODUCTS_DIR; };
		635E6FBE1A361F8400C7ACD2 /* main.c */ = {isa = PBXFileReference; lastKnownFileType = sourcecode.c.c; path = main.c; sourceTree = "<group>"; };
/* End PBXFileReference section */

/* Begin PBXFrameworksBuildPhase section */
		635E6FB81A361F8400C7ACD2 /* Frameworks */ = {
			isa = PBXFrameworksBuildPhase;
			buildActionMask = 2147483647;
			files = (
			);
			runOnlyForDeploymentPostprocessing = 0;
		};
/* End PBXFrameworksBuildPhase section */

/* Begin PBXGroup section */
		635E6FB21A361F8400C7ACD2 = {
			isa = PBXGroup;
			children = (
				635E6FBD1A361F8400C7ACD2 /* 2.1_PassingStringToFunction */,
				635E6FBC1A361F8400C7ACD2 /* Products */,
			);
			sourceTree = "<group>";
		};
		635E6FBC1A361F8400C7ACD2 /* Products */ = {
			isa = PBXGroup;
			children = (
				635E6FBB1A361F8400C7ACD2 /* 2.1_PassingStringToFunction */,
			);
			name = Products;
			sourceTree = "<group>";
		};
		635E6FBD1A361F8400C7ACD2 /* 2.1_PassingStringToFunction */ = {
			isa = PBXGroup;
			children = (
				635E6FBE1A361F8400C7ACD2 /* main.c */,
			);
			path = 2.1_PassingStringToFunction;
			sourceTree = "<group>";
		};
/* End PBXGroup section */

/* Begin PBXNativeTarget section */
		635E6FBA1A361F8400C7ACD2 /* 2.1_PassingStringToFunction */ = {
			isa = PBXNativeTarget;
			buildConfigurationList = 635E6FC21A361F8400C7ACD2 /* Build configuration list for PBXNativeTarget "2.1_PassingStringToFunction" */;
			buildPhases = (
				635E6FB71A361F8400C7ACD2 /* Sources */,
				635E6FB81A361F8400C7ACD2 /* Frameworks */,
				635E6FB91A361F8400C7ACD2 /* CopyFiles */,
			);
			buildRules = (
			);
			dependencies = (
			);
			name = 2.1_PassingStringToFunction;
			productName = 2.1_PassingStringToFunction;
			productReference = 635E6FBB1A361F8400C7ACD2 /* 2.1_PassingStringToFunction */;
			productType = "com.apple.product-type.tool";
		};
/* End PBXNativeTarget section */

/* Begin PBXProject section */
		635E6FB31A361F8400C7ACD2 /* Project object */ = {
			isa = PBXProject;
			attributes = {
				LastUpgradeCheck = 0610;
				ORGANIZATIONNAME = "Martin Kotrulev";
				TargetAttributes = {
					635E6FBA1A361F8400C7ACD2 = {
						CreatedOnToolsVersion = 6.1.1;
					};
				};
			};
			buildConfigurationList = 635E6FB61A361F8400C7ACD2 /* Build configuration list for PBXProject "2.1_PassingStringToFunction" */;
			compatibilityVersion = "Xcode 3.2";
			developmentRegion = English;
			hasScannedForEncodings = 0;
			knownRegions = (
				en,
			);
			mainGroup = 635E6FB21A361F8400C7ACD2;
			productRefGroup = 635E6FBC1A361F8400C7ACD2 /* Products */;
			projectDirPath = "";
			projectRoot = "";
			targets = (
				635E6FBA1A361F8400C7ACD2 /* 2.1_PassingStringToFunction */,
			);
		};
/* End PBXProject section */

/* Begin PBXSourcesBuildPhase section */
		635E6FB71A361F8400C7ACD2 /* Sources */ = {
			isa = PBXSourcesBuildPhase;
			buildActionMask = 2147483647;
			files = (
				635E6FBF1A361F8400C7ACD2 /* main.c in Sources */,
			);
			runOnlyForDeploymentPostprocessing = 0;
		};
/* End PBXSourcesBuildPhase section */

/* Begin XCBuildConfiguration section */
		635E6FC01A361F8400C7ACD2 /* Debug */ = {
			isa = XCBuildConfiguration;
			buildSettings = {
				ALWAYS_SEARCH_USER_PATHS = NO;
				CLANG_CXX_LANGUAGE_STANDARD = "gnu++0x";
				CLANG_CXX_LIBRARY = "libc++";
				CLANG_ENABLE_MODULES = YES;
				CLANG_ENABLE_OBJC_ARC = YES;
				CLANG_WARN_BOOL_CONVERSION = YES;
				CLANG_WARN_CONSTANT_CONVERSION = YES;
				CLANG_WARN_DIRECT_OBJC_ISA_USAGE = YES_ERROR;
				CLANG_WARN_EMPTY_BODY = YES;
				CLANG_WARN_ENUM_CONVERSION = YES;
				CLANG_WARN_INT_CONVERSION = YES;
				CLANG_WARN_OBJC_ROOT_CLASS = YES_ERROR;
				CLANG_WARN_UNREACHABLE_CODE = YES;
				CLANG_WARN__DUPLICATE_METHOD_MATCH = YES;
				COPY_PHASE_STRIP = NO;
				ENABLE_STRICT_OBJC_MSGSEND = YES;
				GCC_C_LANGUAGE_STANDARD = gnu99;
				GCC_DYNAMIC_NO_PIC = NO;
				GCC_OPTIMIZATION_LEVEL = 0;
				GCC_PREPROCESSOR_DEFINITIONS = (
					"DEBUG=1",
					"$(inherited)",
				);
				GCC_SYMBOLS_PRIVATE_EXTERN = NO;
				GCC_WARN_64_TO_32_BIT_CONVERSION = YES;
				GCC_WARN_ABOUT_RETURN_TYPE = YES_ERROR;
				GCC_WARN_UNDECLARED_SELECTOR = YES;
				GCC_WARN_UNINITIALIZED_AUTOS = YES_AGGRESSIVE;
				GCC_WARN_UNUSED_FUNCTION = YES;
				GCC_WARN_UNUSED_VARIABLE = YES;
				MACOSX_DEPLOYMENT_TARGET = 10.9;
				MTL_ENABLE_DEBUG_INFO = YES;
				ONLY_ACTIVE_ARCH = YES;
				SDKROOT = macosx;
			};
			name = Debug;
		};
		635E6FC11A361F8400C7ACD2 /* Release */ = {
			isa = XCBuildConfiguration;
			buildSettings = {
				ALWAYS_SEARCH_USER_PATHS = NO;
				CLANG_CXX_LANGUAGE_STANDARD = "gnu++0x";
				CLANG_CXX_LIBRARY = "libc++";
				CLANG_ENABLE_MODULES = YES;
				CLANG_ENABLE_OBJC_ARC = YES;
				CLANG_WARN_BOOL_CONVERSION = YES;
				CLANG_WARN_CONSTANT_CONVERSION = YES;
				CLANG_WARN_DIRECT_OBJC_ISA_USAGE = YES_ERROR;
				CLANG_WARN_EMPTY_BODY = YES;
				CLANG_WARN_ENUM_CONVERSION = YES;
				CLANG_WARN_INT_CONVERSION = YES;
				CLANG_WARN_OBJC_ROOT_CLASS = YES_ERROR;
				CLANG_WARN_UNREACHABLE_CODE = YES;
				CLANG_WARN__DUPLICATE_METHOD_MATCH = YES;
				COPY_PHASE_STRIP = YES;
				DEBUG_INFORMATION_FORMAT = "dwarf-with-dsym";
				ENABLE_NS_ASSERTIONS = NO;
				ENABLE_STRICT_OBJC_MSGSEND = YES;
				GCC_C_LANGUAGE_STANDARD = gnu99;
				GCC_WARN_64_TO_32_BIT_CONVERSION = YES;
				GCC_WARN_ABOUT_RETURN_TYPE = YES_ERROR;
				GCC_WARN_UNDECLARED_SELECTOR = YES;
				GCC_WARN_UNINITIALIZED_AUTOS = YES_AGGRESSIVE;
				GCC_WARN_UNUSED_FUNCTION = YES;
				GCC_WARN_UNUSED_VARIABLE = YES;
				MACOSX_DEPLOYMENT_TARGET = 10.9;
				MTL_ENABLE_DEBUG_INFO = NO;
				SDKROOT = macosx;
			};
			name = Release;
		};
		635E6FC31A361F8400C7ACD2 /* Debug */ = {
			isa = XCBuildConfiguration;
			buildSettings = {
				PRODUCT_NAME = "$(TARGET_NAME)";
			};
			name = Debug;
		};
		635E6FC41A361F8400C7ACD2 /* Release */ = {
			isa = XCBuildConfiguration;
			buildSettings = {
				PRODUCT_NAME = "$(TARGET_NAME)";
			};
			name = Release;
		};
/* End XCBuildConfiguration section */

/* Begin XCConfigurationList section */
		635E6FB61A361F8400C7ACD2 /* Build configuration list for PBXProject "2.1_PassingStringToFunction" */ = {
			isa = XCConfigurationList;
			buildConfigurations = (
				635E6FC01A361F8400C7ACD2 /* Debug */,
				635E6FC11A361F8400C7ACD2 /* Release */,
			);
			defaultConfigurationIsVisible = 0;
			defaultConfigurationName = Release;
		};
		635E6FC21A361F8400C7ACD2 /* Build configuration list for PBXNativeTarget "2.1_PassingStringToFunction" */ = {
			isa = XCConfigurationList;
			buildConfigurations = (
				635E6FC31A361F8400C7ACD2 /* Debug */,
				635E6FC41A361F8400C7ACD2 /* Release */,
			);
			defaultConfigurationIsVisible = 0;
		};
/* End XCConfigurationList section */
	};
	rootObject = 635E6FB31A361F8400C7ACD2 /* Project object */;
}
